
Microsoft Visual Studio Solution File, Format Version 12.00
# Visual Studio Version 17
VisualStudioVersion = 17.7.34024.191
MinimumVisualStudioVersion = 10.0.40219.1
Project("{FAE04EC0-301F-11D3-BF4B-00C04F79EFBC}") = "MNGX", "MNGX\MNGX.csproj", "{C7CE602F-8478-4CC6-A057-9ED29CA2755D}"
EndProject
Global
	GlobalSection(SolutionConfigurationPlatforms) = preSolution
		Debug|Any CPU = Debug|Any CPU
		Release|Any CPU = Release|Any CPU
	EndGlobalSection
	GlobalSection(ProjectConfigurationPlatforms) = postSolution
		{C7CE602F-8478-4CC6-A057-9ED29CA2755D}.Debug|Any CPU.ActiveCfg = Debug|Any CPU
		{C7CE602F-8478-4CC6-A057-9ED29CA2755D}.Debug|Any CPU.Build.0 = Debug|Any CPU
		{C7CE602F-8478-4CC6-A057-9ED29CA2755D}.Release|Any CPU.ActiveCfg = Release|Any CPU
		{C7CE602F-8478-4CC6-A057-9ED29CA2755D}.Release|Any CPU.Build.0 = Release|Any CPU
	EndGlobalSection
	GlobalSection(SolutionProperties) = preSolution
		HideSolutionNode = FALSE
	EndGlobalSection
	GlobalSection(ExtensibilityGlobals) = postSolution
		SolutionGuid = {F35A43D2-968B-40AE-B4DA-36A3EAA3194C}
	EndGlobalSection
EndGlobal
